
Microsoft Visual Studio Solution File, Format Version 12.00
# Visual Studio Version 16
VisualStudioVersion = 16.0.29215.179
MinimumVisualStudioVersion = 10.0.40219.1
Project("{FAE04EC0-301F-11D3-BF4B-00C04F79EFBC}") = "SFL_Test_Task", "SFL_Test_Task\SFL_Test_Task.csproj", "{EC5CFB99-8918-4F52-942A-ECF62D776DB4}"
EndProject
Global
	GlobalSection(SolutionConfigurationPlatforms) = preSolution
		Debug|Any CPU = Debug|Any CPU
		Release|Any CPU = Release|Any CPU
	EndGlobalSection
	GlobalSection(ProjectConfigurationPlatforms) = postSolution
		{EC5CFB99-8918-4F52-942A-ECF62D776DB4}.Debug|Any CPU.ActiveCfg = Debug|Any CPU
		{EC5CFB99-8918-4F52-942A-ECF62D776DB4}.Debug|Any CPU.Build.0 = Debug|Any CPU
		{EC5CFB99-8918-4F52-942A-ECF62D776DB4}.Release|Any CPU.ActiveCfg = Release|Any CPU
		{EC5CFB99-8918-4F52-942A-ECF62D776DB4}.Release|Any CPU.Build.0 = Release|Any CPU
	EndGlobalSection
	GlobalSection(SolutionProperties) = preSolution
		HideSolutionNode = FALSE
	EndGlobalSection
	GlobalSection(ExtensibilityGlobals) = postSolution
		SolutionGuid = {7F7AB538-46EA-44A4-8DCB-202F5D6A0A52}
	EndGlobalSection
EndGlobal
